
Microsoft Visual Studio Solution File, Format Version 12.00
# Visual Studio 15
VisualStudioVersion = 15.0.27004.2002
MinimumVisualStudioVersion = 10.0.40219.1
Project("{FAE04EC0-301F-11D3-BF4B-00C04F79EFBC}") = "PhotonParameterMapper.Example", "PhotonParameterMapper.Example\PhotonParameterMapper.Example.csproj", "{AC8F63F4-8B34-4C5A-BD5E-FA9E2ADDDF4B}"
EndProject
Project("{FAE04EC0-301F-11D3-BF4B-00C04F79EFBC}") = "PhotonParameterMapper.Builder", "PhotonParameterMapper.Builder\PhotonParameterMapper.Builder.csproj", "{B55F761E-8287-4B6F-A8F8-207ED6BA03C2}"
EndProject
Project("{FAE04EC0-301F-11D3-BF4B-00C04F79EFBC}") = "PhotonParameterMapper.Core", "PhotonParameterMapper.Core\PhotonParameterMapper.Core.csproj", "{748A6815-F86D-40FA-A298-95887F4F23F4}"
EndProject
Global
	GlobalSection(SolutionConfigurationPlatforms) = preSolution
		Debug|Any CPU = Debug|Any CPU
		Release|Any CPU = Release|Any CPU
	EndGlobalSection
	GlobalSection(ProjectConfigurationPlatforms) = postSolution
		{AC8F63F4-8B34-4C5A-BD5E-FA9E2ADDDF4B}.Debug|Any CPU.ActiveCfg = Debug|Any CPU
		{AC8F63F4-8B34-4C5A-BD5E-FA9E2ADDDF4B}.Debug|Any CPU.Build.0 = Debug|Any CPU
		{AC8F63F4-8B34-4C5A-BD5E-FA9E2ADDDF4B}.Release|Any CPU.ActiveCfg = Release|Any CPU
		{AC8F63F4-8B34-4C5A-BD5E-FA9E2ADDDF4B}.Release|Any CPU.Build.0 = Release|Any CPU
		{B55F761E-8287-4B6F-A8F8-207ED6BA03C2}.Debug|Any CPU.ActiveCfg = Debug|Any CPU
		{B55F761E-8287-4B6F-A8F8-207ED6BA03C2}.Debug|Any CPU.Build.0 = Debug|Any CPU
		{B55F761E-8287-4B6F-A8F8-207ED6BA03C2}.Release|Any CPU.ActiveCfg = Release|Any CPU
		{B55F761E-8287-4B6F-A8F8-207ED6BA03C2}.Release|Any CPU.Build.0 = Release|Any CPU
		{748A6815-F86D-40FA-A298-95887F4F23F4}.Debug|Any CPU.ActiveCfg = Debug|Any CPU
		{748A6815-F86D-40FA-A298-95887F4F23F4}.Debug|Any CPU.Build.0 = Debug|Any CPU
		{748A6815-F86D-40FA-A298-95887F4F23F4}.Release|Any CPU.ActiveCfg = Release|Any CPU
		{748A6815-F86D-40FA-A298-95887F4F23F4}.Release|Any CPU.Build.0 = Release|Any CPU
	EndGlobalSection
	GlobalSection(SolutionProperties) = preSolution
		HideSolutionNode = FALSE
	EndGlobalSection
	GlobalSection(ExtensibilityGlobals) = postSolution
		SolutionGuid = {10CC1DFA-7EA6-4004-99B8-0648E3600894}
	EndGlobalSection
EndGlobal
